Microsoft Visual Studio Solution File, Format Version 12.00
# Visual Studio Version 17
VisualStudioVersion = 17.5.2.0
MinimumVisualStudioVersion = 10.0.40219.1
Project("{FAE04EC0-301F-11D3-BF4B-00C04F79EFBC}") = "HelloContainer.WebApp", "HelloContainer.WebApp.csproj", "{22EFCE15-1EF2-C994-3D01-8CAF4D5D7FC7}"
EndProject
Global
	GlobalSection(SolutionConfigurationPlatforms) = preSolution
		Debug|Any CPU = Debug|Any CPU
		Release|Any CPU = Release|Any CPU
	EndGlobalSection
	GlobalSection(ProjectConfigurationPlatforms) = postSolution
		{22EFCE15-1EF2-C994-3D01-8CAF4D5D7FC7}.Debug|Any CPU.ActiveCfg = Debug|Any CPU
		{22EFCE15-1EF2-C994-3D01-8CAF4D5D7FC7}.Debug|Any CPU.Build.0 = Debug|Any CPU
		{22EFCE15-1EF2-C994-3D01-8CAF4D5D7FC7}.Release|Any CPU.ActiveCfg = Release|Any CPU
		{22EFCE15-1EF2-C994-3D01-8CAF4D5D7FC7}.Release|Any CPU.Build.0 = Release|Any CPU
	EndGlobalSection
	GlobalSection(SolutionProperties) = preSolution
		HideSolutionNode = FALSE
	EndGlobalSection
	GlobalSection(ExtensibilityGlobals) = postSolution
		SolutionGuid = {749421F4-4A40-4178-AA3D-D5CF518C90A2}
	EndGlobalSection
EndGlobal
